
Microsoft Visual Studio Solution File, Format Version 12.00
# Visual Studio 15
VisualStudioVersion = 15.0.27130.2036
MinimumVisualStudioVersion = 10.0.40219.1
Project("{FAE04EC0-301F-11D3-BF4B-00C04F79EFBC}") = "AA_Tech_Test", "AA_Tech_Test.csproj", "{80F9FBCD-531F-4046-BA57-365060F1896B}"
EndProject
Project("{FAE04EC0-301F-11D3-BF4B-00C04F79EFBC}") = "Tests", "..\UnitTestProject1\Tests.csproj", "{2ECA007E-6E7D-4C1B-9776-BC7D47DE588B}"
	ProjectSection(ProjectDependencies) = postProject
		{80F9FBCD-531F-4046-BA57-365060F1896B} = {80F9FBCD-531F-4046-BA57-365060F1896B}
	EndProjectSection
EndProject
Global
	GlobalSection(SolutionConfigurationPlatforms) = preSolution
		Debug|Any CPU = Debug|Any CPU
		Release|Any CPU = Release|Any CPU
	EndGlobalSection
	GlobalSection(ProjectConfigurationPlatforms) = postSolution
		{80F9FBCD-531F-4046-BA57-365060F1896B}.Debug|Any CPU.ActiveCfg = Debug|Any CPU
		{80F9FBCD-531F-4046-BA57-365060F1896B}.Debug|Any CPU.Build.0 = Debug|Any CPU
		{80F9FBCD-531F-4046-BA57-365060F1896B}.Release|Any CPU.ActiveCfg = Release|Any CPU
		{80F9FBCD-531F-4046-BA57-365060F1896B}.Release|Any CPU.Build.0 = Release|Any CPU
		{2ECA007E-6E7D-4C1B-9776-BC7D47DE588B}.Debug|Any CPU.ActiveCfg = Debug|Any CPU
		{2ECA007E-6E7D-4C1B-9776-BC7D47DE588B}.Debug|Any CPU.Build.0 = Debug|Any CPU
		{2ECA007E-6E7D-4C1B-9776-BC7D47DE588B}.Release|Any CPU.ActiveCfg = Release|Any CPU
		{2ECA007E-6E7D-4C1B-9776-BC7D47DE588B}.Release|Any CPU.Build.0 = Release|Any CPU
	EndGlobalSection
	GlobalSection(SolutionProperties) = preSolution
		HideSolutionNode = FALSE
	EndGlobalSection
	GlobalSection(ExtensibilityGlobals) = postSolution
		SolutionGuid = {FD5AB518-08E4-4521-AD7D-5D42F721A740}
	EndGlobalSection
EndGlobal
